// !$*UTF8*$!
{
	archiveVersion = 1;
	classes = {
	};
	objectVersion = 50;
	objects = {

/* Begin PBXBuildFile section */
		3F420B2021C1A30300BDA3EF /* AppDelegate.swift in Sources */ = {isa = PBXBuildFile; fileRef = 3F420B1F21C1A30300BDA3EF /* AppDelegate.swift */; };
		3F420B2721C1A30300BDA3EF /* Main.storyboard in Resources */ = {isa = PBXBuildFile; fileRef = 3F420B2521C1A30300BDA3EF /* Main.storyboard */; };
		3F420B2921C1A30400BDA3EF /* Assets.xcassets in Resources */ = {isa = PBXBuildFile; fileRef = 3F420B2821C1A30400BDA3EF /* Assets.xcassets */; };
		3F420B2C21C1A30400BDA3EF /* LaunchScreen.storyboard in Resources */ = {isa = PBXBuildFile; fileRef = 3F420B2A21C1A30400BDA3EF /* LaunchScreen.storyboard */; };
		3F420B3B21C1B0E000BDA3EF /* Character.swift in Sources */ = {isa = PBXBuildFile; fileRef = 3F420B3A21C1B0E000BDA3EF /* Character.swift */; };
		3F420B3D21C1B77C00BDA3EF /* CoreStats.swift in Sources */ = {isa = PBXBuildFile; fileRef = 3F420B3C21C1B77C00BDA3EF /* CoreStats.swift */; };
		3F420B3F21C1B9AD00BDA3EF /* HealthStats.swift in Sources */ = {isa = PBXBuildFile; fileRef = 3F420B3E21C1B9AD00BDA3EF /* HealthStats.swift */; };
		3F420B4121C1BBD400BDA3EF /* Skills.swift in Sources */ = {isa = PBXBuildFile; fileRef = 3F420B4021C1BBD400BDA3EF /* Skills.swift */; };
		3F420B4521C1C4D900BDA3EF /* Spells.swift in Sources */ = {isa = PBXBuildFile; fileRef = 3F420B4421C1C4D900BDA3EF /* Spells.swift */; };
		3FBFB60121C5B517006A6D93 /* BasicStatsVC.swift in Sources */ = {isa = PBXBuildFile; fileRef = 3FBFB60021C5B517006A6D93 /* BasicStatsVC.swift */; };
		3FBFB60321C5B537006A6D93 /* SkillsTableVC.swift in Sources */ = {isa = PBXBuildFile; fileRef = 3FBFB60221C5B537006A6D93 /* SkillsTableVC.swift */; };
		9ED586C99653CA990B2CB25E /* Pods_DnD_5e_Character_Sheet.framework in Frameworks */ = {isa = PBXBuildFile; fileRef = C753DB696E281EF889FF470B /* Pods_DnD_5e_Character_Sheet.framework */; };
/* End PBXBuildFile section */

/* Begin PBXFileReference section */
		3F420B1C21C1A30300BDA3EF /* DnD-5e-Character-Sheet.app */ = {isa = PBXFileReference; explicitFileType = wrapper.application; includeInIndex = 0; path = "DnD-5e-Character-Sheet.app"; sourceTree = BUILT_PRODUCTS_DIR; };
		3F420B1F21C1A30300BDA3EF /* AppDelegate.swift */ = {isa = PBXFileReference; lastKnownFileType = sourcecode.swift; path = AppDelegate.swift; sourceTree = "<group>"; };
		3F420B2621C1A30300BDA3EF /* Base */ = {isa = PBXFileReference; lastKnownFileType = file.storyboard; name = Base; path = Base.lproj/Main.storyboard; sourceTree = "<group>"; };
		3F420B2821C1A30400BDA3EF /* Assets.xcassets */ = {isa = PBXFileReference; lastKnownFileType = folder.assetcatalog; path = Assets.xcassets; sourceTree = "<group>"; };
		3F420B2B21C1A30400BDA3EF /* Base */ = {isa = PBXFileReference; lastKnownFileType = file.storyboard; name = Base; path = Base.lproj/LaunchScreen.storyboard; sourceTree = "<group>"; };
		3F420B2D21C1A30400BDA3EF /* Info.plist */ = {isa = PBXFileReference; lastKnownFileType = text.plist.xml; path = Info.plist; sourceTree = "<group>"; };
		3F420B3A21C1B0E000BDA3EF /* Character.swift */ = {isa = PBXFileReference; lastKnownFileType = sourcecode.swift; path = Character.swift; sourceTree = "<group>"; };
		3F420B3C21C1B77C00BDA3EF /* CoreStats.swift */ = {isa = PBXFileReference; lastKnownFileType = sourcecode.swift; path = CoreStats.swift; sourceTree = "<group>"; };
		3F420B3E21C1B9AD00BDA3EF /* HealthStats.swift */ = {isa = PBXFileReference; lastKnownFileType = sourcecode.swift; path = HealthStats.swift; sourceTree = "<group>"; };
		3F420B4021C1BBD400BDA3EF /* Skills.swift */ = {isa = PBXFileReference; lastKnownFileType = sourcecode.swift; path = Skills.swift; sourceTree = "<group>"; };
		3F420B4421C1C4D900BDA3EF /* Spells.swift */ = {isa = PBXFileReference; lastKnownFileType = sourcecode.swift; path = Spells.swift; sourceTree = "<group>"; };
		3FBFB60021C5B517006A6D93 /* BasicStatsVC.swift */ = {isa = PBXFileReference; lastKnownFileType = sourcecode.swift; path = BasicStatsVC.swift; sourceTree = "<group>"; };
		3FBFB60221C5B537006A6D93 /* SkillsTableVC.swift */ = {isa = PBXFileReference; lastKnownFileType = sourcecode.swift; path = SkillsTableVC.swift; sourceTree = "<group>"; };
		547312BE0D003B12D2319D01 /* Pods-DnD-5e-Character-Sheet.release.xcconfig */ = {isa = PBXFileReference; includeInIndex = 1; lastKnownFileType = text.xcconfig; name = "Pods-DnD-5e-Character-Sheet.release.xcconfig"; path = "Pods/Target Support Files/Pods-DnD-5e-Character-Sheet/Pods-DnD-5e-Character-Sheet.release.xcconfig"; sourceTree = "<group>"; };
		C753DB696E281EF889FF470B /* Pods_DnD_5e_Character_Sheet.framework */ = {isa = PBXFileReference; explicitFileType = wrapper.framework; includeInIndex = 0; path = Pods_DnD_5e_Character_Sheet.framework; sourceTree = BUILT_PRODUCTS_DIR; };
		C7BBA90A290E99408CB05672 /* Pods-DnD-5e-Character-Sheet.debug.xcconfig */ = {isa = PBXFileReference; includeInIndex = 1; lastKnownFileType = text.xcconfig; name = "Pods-DnD-5e-Character-Sheet.debug.xcconfig"; path = "Pods/Target Support Files/Pods-DnD-5e-Character-Sheet/Pods-DnD-5e-Character-Sheet.debug.xcconfig"; sourceTree = "<group>"; };
/* End PBXFileReference section */

/* Begin PBXFrameworksBuildPhase section */
		3F420B1921C1A30300BDA3EF /* Frameworks */ = {
			isa = PBXFrameworksBuildPhase;
			buildActionMask = 2147483647;
			files = (
				9ED586C99653CA990B2CB25E /* Pods_DnD_5e_Character_Sheet.framework in Frameworks */,
			);
			runOnlyForDeploymentPostprocessing = 0;
		};
/* End PBXFrameworksBuildPhase section */

/* Begin PBXGroup section */
		3C1E27A8A1FE1BD75DE91F9E /* Pods */ = {
			isa = PBXGroup;
			children = (
				C7BBA90A290E99408CB05672 /* Pods-DnD-5e-Character-Sheet.debug.xcconfig */,
				547312BE0D003B12D2319D01 /* Pods-DnD-5e-Character-Sheet.release.xcconfig */,
			);
			name = Pods;
			sourceTree = "<group>";
		};
		3F420B1321C1A30300BDA3EF = {
			isa = PBXGroup;
			children = (
				3F420B1E21C1A30300BDA3EF /* DnD-5e-Character-Sheet */,
				3F420B1D21C1A30300BDA3EF /* Products */,
				3C1E27A8A1FE1BD75DE91F9E /* Pods */,
				7C7AB5F671C35F20BEB07935 /* Frameworks */,
			);
			sourceTree = "<group>";
		};
		3F420B1D21C1A30300BDA3EF /* Products */ = {
			isa = PBXGroup;
			children = (
				3F420B1C21C1A30300BDA3EF /* DnD-5e-Character-Sheet.app */,
			);
			name = Products;
			sourceTree = "<group>";
		};
		3F420B1E21C1A30300BDA3EF /* DnD-5e-Character-Sheet */ = {
			isa = PBXGroup;
			children = (
				3F420B3421C1A6D900BDA3EF /* controllers */,
				3F420B3321C1A6C500BDA3EF /* models */,
				3F420B1F21C1A30300BDA3EF /* AppDelegate.swift */,
				3F420B2521C1A30300BDA3EF /* Main.storyboard */,
				3F420B2821C1A30400BDA3EF /* Assets.xcassets */,
				3F420B2A21C1A30400BDA3EF /* LaunchScreen.storyboard */,
				3F420B2D21C1A30400BDA3EF /* Info.plist */,
			);
			path = "DnD-5e-Character-Sheet";
			sourceTree = "<group>";
		};
		3F420B3321C1A6C500BDA3EF /* models */ = {
			isa = PBXGroup;
			children = (
				3F420B3A21C1B0E000BDA3EF /* Character.swift */,
				3F420B3C21C1B77C00BDA3EF /* CoreStats.swift */,
				3F420B3E21C1B9AD00BDA3EF /* HealthStats.swift */,
				3F420B4021C1BBD400BDA3EF /* Skills.swift */,
				3F420B4421C1C4D900BDA3EF /* Spells.swift */,
			);
			path = models;
			sourceTree = "<group>";
		};
		3F420B3421C1A6D900BDA3EF /* controllers */ = {
			isa = PBXGroup;
			children = (
				3FBFB60021C5B517006A6D93 /* BasicStatsVC.swift */,
				3FBFB60221C5B537006A6D93 /* SkillsTableVC.swift */,
			);
			path = controllers;
			sourceTree = "<group>";
		};
		7C7AB5F671C35F20BEB07935 /* Frameworks */ = {
			isa = PBXGroup;
			children = (
				C753DB696E281EF889FF470B /* Pods_DnD_5e_Character_Sheet.framework */,
			);
			name = Frameworks;
			sourceTree = "<group>";
		};
/* End PBXGroup section */

/* Begin PBXNativeTarget section */
		3F420B1B21C1A30300BDA3EF /* DnD-5e-Character-Sheet */ = {
			isa = PBXNativeTarget;
			buildConfigurationList = 3F420B3021C1A30400BDA3EF /* Build configuration list for PBXNativeTarget "DnD-5e-Character-Sheet" */;
			buildPhases = (
				C7C1439B9604BC280FDE1487 /* [CP] Check Pods Manifest.lock */,
				3F420B1821C1A30300BDA3EF /* Sources */,
				3F420B1921C1A30300BDA3EF /* Frameworks */,
				3F420B1A21C1A30300BDA3EF /* Resources */,
				0D8661C0D1623ED02E0949B1 /* [CP] Embed Pods Frameworks */,
			);
			buildRules = (
			);
			dependencies = (
			);
			name = "DnD-5e-Character-Sheet";
			productName = "DnD-5e-Character-Sheet";
			productReference = 3F420B1C21C1A30300BDA3EF /* DnD-5e-Character-Sheet.app */;
			productType = "com.apple.product-type.application";
		};
/* End PBXNativeTarget section */

/* Begin PBXProject section */
		3F420B1421C1A30300BDA3EF /* Project object */ = {
			isa = PBXProject;
			attributes = {
				LastSwiftUpdateCheck = 0940;
				LastUpgradeCheck = 0940;
				ORGANIZATIONNAME = "Regina Locicero";
				TargetAttributes = {
					3F420B1B21C1A30300BDA3EF = {
						CreatedOnToolsVersion = 9.4.1;
					};
				};
			};
			buildConfigurationList = 3F420B1721C1A30300BDA3EF /* Build configuration list for PBXProject "DnD-5e-Character-Sheet" */;
			compatibilityVersion = "Xcode 9.3";
			developmentRegion = en;
			hasScannedForEncodings = 0;
			knownRegions = (
				en,
				Base,
			);
			mainGroup = 3F420B1321C1A30300BDA3EF;
			productRefGroup = 3F420B1D21C1A30300BDA3EF /* Products */;
			projectDirPath = "";
			projectRoot = "";
			targets = (
				3F420B1B21C1A30300BDA3EF /* DnD-5e-Character-Sheet */,
			);
		};
/* End PBXProject section */

/* Begin PBXResourcesBuildPhase section */
		3F420B1A21C1A30300BDA3EF /* Resources */ = {
			isa = PBXResourcesBuildPhase;
			buildActionMask = 2147483647;
			files = (
				3F420B2C21C1A30400BDA3EF /* LaunchScreen.storyboard in Resources */,
				3F420B2921C1A30400BDA3EF /* Assets.xcassets in Resources */,
				3F420B2721C1A30300BDA3EF /* Main.storyboard in Resources */,
			);
			runOnlyForDeploymentPostprocessing = 0;
		};
/* End PBXResourcesBuildPhase section */

/* Begin PBXShellScriptBuildPhase section */
		0D8661C0D1623ED02E0949B1 /* [CP] Embed Pods Frameworks */ = {
			isa = PBXShellScriptBuildPhase;
			buildActionMask = 2147483647;
			files = (
			);
			inputPaths = (
				"${SRCROOT}/Pods/Target Support Files/Pods-DnD-5e-Character-Sheet/Pods-DnD-5e-Character-Sheet-frameworks.sh",
				"${BUILT_PRODUCTS_DIR}/Realm/Realm.framework",
				"${BUILT_PRODUCTS_DIR}/RealmSwift/RealmSwift.framework",
			);
			name = "[CP] Embed Pods Frameworks";
			outputPaths = (
				"${TARGET_BUILD_DIR}/${FRAMEWORKS_FOLDER_PATH}/Realm.framework",
				"${TARGET_BUILD_DIR}/${FRAMEWORKS_FOLDER_PATH}/RealmSwift.framework",
			);
			runOnlyForDeploymentPostprocessing = 0;
			shellPath = /bin/sh;
			shellScript = "\"${SRCROOT}/Pods/Target Support Files/Pods-DnD-5e-Character-Sheet/Pods-DnD-5e-Character-Sheet-frameworks.sh\"\n";
			showEnvVarsInLog = 0;
		};
		C7C1439B9604BC280FDE1487 /* [CP] Check Pods Manifest.lock */ = {
			isa = PBXShellScriptBuildPhase;
			buildActionMask = 2147483647;
			files = (
			);
			inputPaths = (
				"${PODS_PODFILE_DIR_PATH}/Podfile.lock",
				"${PODS_ROOT}/Manifest.lock",
			);
			name = "[CP] Check Pods Manifest.lock";
			outputPaths = (
				"$(DERIVED_FILE_DIR)/Pods-DnD-5e-Character-Sheet-checkManifestLockResult.txt",
			);
			runOnlyForDeploymentPostprocessing = 0;
			shellPath = /bin/sh;
			shellScript = "diff \"${PODS_PODFILE_DIR_PATH}/Podfile.lock\" \"${PODS_ROOT}/Manifest.lock\" > /dev/null\nif [ $? != 0 ] ; then\n    # print error to STDERR\n    echo \"error: The sandbox is not in sync with the Podfile.lock. Run 'pod install' or update your CocoaPods installation.\" >&2\n    exit 1\nfi\n# This output is used by Xcode 'outputs' to avoid re-running this script phase.\necho \"SUCCESS\" > \"${SCRIPT_OUTPUT_FILE_0}\"\n";
			showEnvVarsInLog = 0;
		};
/* End PBXShellScriptBuildPhase section */

/* Begin PBXSourcesBuildPhase section */
		3F420B1821C1A30300BDA3EF /* Sources */ = {
			isa = PBXSourcesBuildPhase;
			buildActionMask = 2147483647;
			files = (
				3F420B2021C1A30300BDA3EF /* AppDelegate.swift in Sources */,
				3FBFB60321C5B537006A6D93 /* SkillsTableVC.swift in Sources */,
				3F420B3F21C1B9AD00BDA3EF /* HealthStats.swift in Sources */,
				3FBFB60121C5B517006A6D93 /* BasicStatsVC.swift in Sources */,
				3F420B3B21C1B0E000BDA3EF /* Character.swift in Sources */,
				3F420B4121C1BBD400BDA3EF /* Skills.swift in Sources */,
				3F420B3D21C1B77C00BDA3EF /* CoreStats.swift in Sources */,
				3F420B4521C1C4D900BDA3EF /* Spells.swift in Sources */,
			);
			runOnlyForDeploymentPostprocessing = 0;
		};
/* End PBXSourcesBuildPhase section */

/* Begin PBXVariantGroup section */
		3F420B2521C1A30300BDA3EF /* Main.storyboard */ = {
			isa = PBXVariantGroup;
			children = (
				3F420B2621C1A30300BDA3EF /* Base */,
			);
			name = Main.storyboard;
			sourceTree = "<group>";
		};
		3F420B2A21C1A30400BDA3EF /* LaunchScreen.storyboard */ = {
			isa = PBXVariantGroup;
			children = (
				3F420B2B21C1A30400BDA3EF /* Base */,
			);
			name = LaunchScreen.storyboard;
			sourceTree = "<group>";
		};
/* End PBXVariantGroup section */

/* Begin XCBuildConfiguration section */
		3F420B2E21C1A30400BDA3EF /* Debug */ = {
			isa = XCBuildConfiguration;
			buildSettings = {
				ALWAYS_SEARCH_USER_PATHS = NO;
				CLANG_ANALYZER_NONNULL = YES;
				CLANG_ANALYZER_NUMBER_OBJECT_CONVERSION = YES_AGGRESSIVE;
				CLANG_CXX_LANGUAGE_STANDARD = "gnu++14";
				CLANG_CXX_LIBRARY = "libc++";
				CLANG_ENABLE_MODULES = YES;
				CLANG_ENABLE_OBJC_ARC = YES;
				CLANG_ENABLE_OBJC_WEAK = YES;
				CLANG_WARN_BLOCK_CAPTURE_AUTORELEASING = YES;
				CLANG_WARN_BOOL_CONVERSION = YES;
				CLANG_WARN_COMMA = YES;
				CLANG_WARN_CONSTANT_CONVERSION = YES;
				CLANG_WARN_DEPRECATED_OBJC_IMPLEMENTATIONS = YES;
				CLANG_WARN_DIRECT_OBJC_ISA_USAGE = YES_ERROR;
				CLANG_WARN_DOCUMENTATION_COMMENTS = YES;
				CLANG_WARN_EMPTY_BODY = YES;
				CLANG_WARN_ENUM_CONVERSION = YES;
				CLANG_WARN_INFINITE_RECURSION = YES;
				CLANG_WARN_INT_CONVERSION = YES;
				CLANG_WARN_NON_LITERAL_NULL_CONVERSION = YES;
				CLANG_WARN_OBJC_IMPLICIT_RETAIN_SELF = YES;
				CLANG_WARN_OBJC_LITERAL_CONVERSION = YES;
				CLANG_WARN_OBJC_ROOT_CLASS = YES_ERROR;
				CLANG_WARN_RANGE_LOOP_ANALYSIS = YES;
				CLANG_WARN_STRICT_PROTOTYPES = YES;
				CLANG_WARN_SUSPICIOUS_MOVE = YES;
				CLANG_WARN_UNGUARDED_AVAILABILITY = YES_AGGRESSIVE;
				CLANG_WARN_UNREACHABLE_CODE = YES;
				CLANG_WARN__DUPLICATE_METHOD_MATCH = YES;
				CODE_SIGN_IDENTITY = "iPhone Developer";
				COPY_PHASE_STRIP = NO;
				DEBUG_INFORMATION_FORMAT = dwarf;
				ENABLE_STRICT_OBJC_MSGSEND = YES;
				ENABLE_TESTABILITY = YES;
				GCC_C_LANGUAGE_STANDARD = gnu11;
				GCC_DYNAMIC_NO_PIC = NO;
				GCC_NO_COMMON_BLOCKS = YES;
				GCC_OPTIMIZATION_LEVEL = 0;
				GCC_PREPROCESSOR_DEFINITIONS = (
					"DEBUG=1",
					"$(inherited)",
				);
				GCC_WARN_64_TO_32_BIT_CONVERSION = YES;
				GCC_WARN_ABOUT_RETURN_TYPE = YES_ERROR;
				GCC_WARN_UNDECLARED_SELECTOR = YES;
				GCC_WARN_UNINITIALIZED_AUTOS = YES_AGGRESSIVE;
				GCC_WARN_UNUSED_FUNCTION = YES;
				GCC_WARN_UNUSED_VARIABLE = YES;
				IPHONEOS_DEPLOYMENT_TARGET = 11.4;
				MTL_ENABLE_DEBUG_INFO = YES;
				ONLY_ACTIVE_ARCH = YES;
				SDKROOT = iphoneos;
				SWIFT_ACTIVE_COMPILATION_CONDITIONS = DEBUG;
				SWIFT_OPTIMIZATION_LEVEL = "-Onone";
			};
			name = Debug;
		};
		3F420B2F21C1A30400BDA3EF /* Release */ = {
			isa = XCBuildConfiguration;
			buildSettings = {
				ALWAYS_SEARCH_USER_PATHS = NO;
				CLANG_ANALYZER_NONNULL = YES;
				CLANG_ANALYZER_NUMBER_OBJECT_CONVERSION = YES_AGGRESSIVE;
				CLANG_CXX_LANGUAGE_STANDARD = "gnu++14";
				CLANG_CXX_LIBRARY = "libc++";
				CLANG_ENABLE_MODULES = YES;
				CLANG_ENABLE_OBJC_ARC = YES;
				CLANG_ENABLE_OBJC_WEAK = YES;
				CLANG_WARN_BLOCK_CAPTURE_AUTORELEASING = YES;
				CLANG_WARN_BOOL_CONVERSION = YES;
				CLANG_WARN_COMMA = YES;
				CLANG_WARN_CONSTANT_CONVERSION = YES;
				CLANG_WARN_DEPRECATED_OBJC_IMPLEMENTATIONS = YES;
				CLANG_WARN_DIRECT_OBJC_ISA_USAGE = YES_ERROR;
				CLANG_WARN_DOCUMENTATION_COMMENTS = YES;
				CLANG_WARN_EMPTY_BODY = YES;
				CLANG_WARN_ENUM_CONVERSION = YES;
				CLANG_WARN_INFINITE_RECURSION = YES;
				CLANG_WARN_INT_CONVERSION = YES;
				CLANG_WARN_NON_LITERAL_NULL_CONVERSION = YES;
				CLANG_WARN_OBJC_IMPLICIT_RETAIN_SELF = YES;
				CLANG_WARN_OBJC_LITERAL_CONVERSION = YES;
				CLANG_WARN_OBJC_ROOT_CLASS = YES_ERROR;
				CLANG_WARN_RANGE_LOOP_ANALYSIS = YES;
				CLANG_WARN_STRICT_PROTOTYPES = YES;
				CLANG_WARN_SUSPICIOUS_MOVE = YES;
				CLANG_WARN_UNGUARDED_AVAILABILITY = YES_AGGRESSIVE;
				CLANG_WARN_UNREACHABLE_CODE = YES;
				CLANG_WARN__DUPLICATE_METHOD_MATCH = YES;
				CODE_SIGN_IDENTITY = "iPhone Developer";
				COPY_PHASE_STRIP = NO;
				DEBUG_INFORMATION_FORMAT = "dwarf-with-dsym";
				ENABLE_NS_ASSERTIONS = NO;
				ENABLE_STRICT_OBJC_MSGSEND = YES;
				GCC_C_LANGUAGE_STANDARD = gnu11;
				GCC_NO_COMMON_BLOCKS = YES;
				GCC_WARN_64_TO_32_BIT_CONVERSION = YES;
				GCC_WARN_ABOUT_RETURN_TYPE = YES_ERROR;
				GCC_WARN_UNDECLARED_SELECTOR = YES;
				GCC_WARN_UNINITIALIZED_AUTOS = YES_AGGRESSIVE;
				GCC_WARN_UNUSED_FUNCTION = YES;
				GCC_WARN_UNUSED_VARIABLE = YES;
				IPHONEOS_DEPLOYMENT_TARGET = 11.4;
				MTL_ENABLE_DEBUG_INFO = NO;
				SDKROOT = iphoneos;
				SWIFT_COMPILATION_MODE = wholemodule;
				SWIFT_OPTIMIZATION_LEVEL = "-O";
				VALIDATE_PRODUCT = YES;
			};
			name = Release;
		};
		3F420B3121C1A30400BDA3EF /* Debug */ = {
			isa = XCBuildConfiguration;
			baseConfigurationReference = C7BBA90A290E99408CB05672 /* Pods-DnD-5e-Character-Sheet.debug.xcconfig */;
			buildSettings = {
				ASSETCATALOG_COMPILER_APPICON_NAME = AppIcon;
				CODE_SIGN_STYLE = Automatic;
				FRAMEWORK_SEARCH_PATHS = (
					"$(inherited)",
					"$(PROJECT_DIR)/DnD-5e-Character-Sheet",
				);
				INFOPLIST_FILE = "DnD-5e-Character-Sheet/Info.plist";
				LD_RUNPATH_SEARCH_PATHS = (
					"$(inherited)",
					"@executable_path/Frameworks",
				);
				PRODUCT_BUNDLE_IDENTIFIER = "com.reginalocicero.DnD-5e-Character-Sheet";
				PRODUCT_NAME = "$(TARGET_NAME)";
				SWIFT_VERSION = 4.0;
				TARGETED_DEVICE_FAMILY = "1,2";
			};
			name = Debug;
		};
		3F420B3221C1A30400BDA3EF /* Release */ = {
			isa = XCBuildConfiguration;
			baseConfigurationReference = 547312BE0D003B12D2319D01 /* Pods-DnD-5e-Character-Sheet.release.xcconfig */;
			buildSettings = {
				ASSETCATALOG_COMPILER_APPICON_NAME = AppIcon;
				CODE_SIGN_STYLE = Automatic;
				FRAMEWORK_SEARCH_PATHS = (
					"$(inherited)",
					"$(PROJECT_DIR)/DnD-5e-Character-Sheet",
				);
				INFOPLIST_FILE = "DnD-5e-Character-Sheet/Info.plist";
				LD_RUNPATH_SEARCH_PATHS = (
					"$(inherited)",
					"@executable_path/Frameworks",
				);
				PRODUCT_BUNDLE_IDENTIFIER = "com.reginalocicero.DnD-5e-Character-Sheet";
				PRODUCT_NAME = "$(TARGET_NAME)";
				SWIFT_VERSION = 4.0;
				TARGETED_DEVICE_FAMILY = "1,2";
			};
			name = Release;
		};
/* End XCBuildConfiguration section */

/* Begin XCConfigurationList section */
		3F420B1721C1A30300BDA3EF /* Build configuration list for PBXProject "DnD-5e-Character-Sheet" */ = {
			isa = XCConfigurationList;
			buildConfigurations = (
				3F420B2E21C1A30400BDA3EF /* Debug */,
				3F420B2F21C1A30400BDA3EF /* Release */,
			);
			defaultConfigurationIsVisible = 0;
			defaultConfigurationName = Release;
		};
		3F420B3021C1A30400BDA3EF /* Build configuration list for PBXNativeTarget "DnD-5e-Character-Sheet" */ = {
			isa = XCConfigurationList;
			buildConfigurations = (
				3F420B3121C1A30400BDA3EF /* Debug */,
				3F420B3221C1A30400BDA3EF /* Release */,
			);
			defaultConfigurationIsVisible = 0;
			defaultConfigurationName = Release;
		};
/* End XCConfigurationList section */
	};
	rootObject = 3F420B1421C1A30300BDA3EF /* Project object */;
}
